
Microsoft Visual Studio Solution File, Format Version 12.00
# Visual Studio Version 16
VisualStudioVersion = 16.0.29418.71
MinimumVisualStudioVersion = 10.0.40219.1
Project("{FAE04EC0-301F-11D3-BF4B-00C04F79EFBC}") = "NotificationSender", "NotificationSender\NotificationSender.csproj", "{F223BC72-7129-4070-81BE-0B5DAB7E340F}"
EndProject
Global
	GlobalSection(SolutionConfigurationPlatforms) = preSolution
		Debug|Any CPU = Debug|Any CPU
		Release|Any CPU = Release|Any CPU
	EndGlobalSection
	GlobalSection(ProjectConfigurationPlatforms) = postSolution
		{F223BC72-7129-4070-81BE-0B5DAB7E340F}.Debug|Any CPU.ActiveCfg = Debug|Any CPU
		{F223BC72-7129-4070-81BE-0B5DAB7E340F}.Debug|Any CPU.Build.0 = Debug|Any CPU
		{F223BC72-7129-4070-81BE-0B5DAB7E340F}.Release|Any CPU.ActiveCfg = Release|Any CPU
		{F223BC72-7129-4070-81BE-0B5DAB7E340F}.Release|Any CPU.Build.0 = Release|Any CPU
	EndGlobalSection
	GlobalSection(SolutionProperties) = preSolution
		HideSolutionNode = FALSE
	EndGlobalSection
	GlobalSection(ExtensibilityGlobals) = postSolution
		SolutionGuid = {F0BE4FCF-D4CC-41FA-829D-50A21D7359C4}
	EndGlobalSection
EndGlobal
